PODS:
  - assets_audio_player (0.0.1):
    - Flutter
  - assets_audio_player_web (0.0.1):
    - Flutter
  - audioplayer (0.0.1):
    - Flutter
  - Firebase/Analytics (6.33.0):
    - Firebase/Core
  - Firebase/Core (6.33.0):
    - Firebase/CoreOnly
    - FirebaseAnalytics (= 6.8.3)
  - Firebase/CoreOnly (6.33.0):
    - FirebaseCore (= 6.10.3)
  - firebase_analytics (6.3.0):
    - Firebase/Analytics (~> 6.33.0)
    - Firebase/CoreOnly (~> 6.33.0)
    - firebase_core
    - Flutter
  - firebase_core (0.5.3):
    - Firebase/CoreOnly (~> 6.33.0)
    - Flutter
  - FirebaseAnalytics (6.8.3):
    - FirebaseCore (~> 6.10)
    - FirebaseInstallations (~> 1.6)
    - GoogleAppMeasurement (= 6.8.3)
    - GoogleUtilities/AppDelegateSwizzler (~> 6.7)
    - GoogleUtilities/MethodSwizzler (~> 6.7)
    - GoogleUtilities/Network (~> 6.7)
    - "GoogleUtilities/NSData+zlib (~> 6.7)"
    - nanopb (~> 1.30906.0)
  - FirebaseCore (6.10.3):
    - FirebaseCoreDiagnostics (~> 1.6)
    - GoogleUtilities/Environment (~> 6.7)
    - GoogleUtilities/Logger (~> 6.7)
  - FirebaseCoreDiagnostics (1.7.0):
    - GoogleDataTransport (~> 7.4)
    - GoogleUtilities/Environment (~> 6.7)
    - GoogleUtilities/Logger (~> 6.7)
    - nanopb (~> 1.30906.0)
  - FirebaseInstallations (1.7.0):
    - FirebaseCore (~> 6.10)
    - GoogleUtilities/Environment (~> 6.7)
    - GoogleUtilities/UserDefaults (~> 6.7)
    - PromisesObjC (~> 1.2)
  - Flutter (1.0.0)
  - flutter_audio_recorder (0.5.4):
    - Flutter
  - flutter_visualizers (0.0.1):
    - Flutter
  - GoogleAppMeasurement (6.8.3):
    - GoogleUtilities/AppDelegateSwizzler (~> 6.7)
    - GoogleUtilities/MethodSwizzler (~> 6.7)
    - GoogleUtilities/Network (~> 6.7)
    - "GoogleUtilities/NSData+zlib (~> 6.7)"
    - nanopb (~> 1.30906.0)
  - GoogleDataTransport (7.5.1):
    - nanopb (~> 1.30906.0)
  - GoogleUtilities/AppDelegateSwizzler (6.7.2):
    - GoogleUtilities/Environment
    - GoogleUtilities/Logger
    - GoogleUtilities/Network
  - GoogleUtilities/Environment (6.7.2):
    - PromisesObjC (~> 1.2)
  - GoogleUtilities/Logger (6.7.2):
    - GoogleUtilities/Environment
  - GoogleUtilities/MethodSwizzler (6.7.2):
    - GoogleUtilities/Logger
  - GoogleUtilities/Network (6.7.2):
    - GoogleUtilities/Logger
    - "GoogleUtilities/NSData+zlib"
    - GoogleUtilities/Reachability
  - "GoogleUtilities/NSData+zlib (6.7.2)"
  - GoogleUtilities/Reachability (6.7.2):
    - GoogleUtilities/Logger
  - GoogleUtilities/UserDefaults (6.7.2):
    - GoogleUtilities/Logger
  - nanopb (1.30906.0):
    - nanopb/decode (= 1.30906.0)
    - nanopb/encode (= 1.30906.0)
  - nanopb/decode (1.30906.0)
  - nanopb/encode (1.30906.0)
  - path_provider (0.0.1):
    - Flutter
  - "permission_handler (5.0.1+1)":
    - Flutter
  - PromisesObjC (1.2.11)
  - Purchases (3.7.5):
    - PurchasesCoreSwift (= 3.7.5)
  - purchases_flutter (1.4.3):
    - Flutter
    - PurchasesHybridCommon (= 1.4.5)
  - PurchasesCoreSwift (3.7.5)
  - PurchasesHybridCommon (1.4.5):
    - Purchases (= 3.7.5)
  - shared_preferences (0.0.1):
    - Flutter
  - url_launcher (0.0.1):
    - Flutter
  - vibration (1.7.3):
    - Flutter

DEPENDENCIES:
  - assets_audio_player (from `.symlinks/plugins/assets_audio_player/ios`)
  - assets_audio_player_web (from `.symlinks/plugins/assets_audio_player_web/ios`)
  - audioplayer (from `.symlinks/plugins/audioplayer/ios`)
  - firebase_analytics (from `.symlinks/plugins/firebase_analytics/ios`)
  - firebase_core (from `.symlinks/plugins/firebase_core/ios`)
  - Flutter (from `Flutter`)
  - flutter_audio_recorder (from `.symlinks/plugins/flutter_audio_recorder/ios`)
  - flutter_visualizers (from `.symlinks/plugins/flutter_visualizers/ios`)
  - path_provider (from `.symlinks/plugins/path_provider/ios`)
  - permission_handler (from `.symlinks/plugins/permission_handler/ios`)
  - purchases_flutter (from `.symlinks/plugins/purchases_flutter/ios`)
  - shared_preferences (from `.symlinks/plugins/shared_preferences/ios`)
  - url_launcher (from `.symlinks/plugins/url_launcher/ios`)
  - vibration (from `.symlinks/plugins/vibration/ios`)

SPEC REPOS:
  trunk:
    - Firebase
    - FirebaseAnalytics
    - FirebaseCore
    - FirebaseCoreDiagnostics
    - FirebaseInstallations
    - GoogleAppMeasurement
    - GoogleDataTransport
    - GoogleUtilities
    - nanopb
    - PromisesObjC
    - Purchases
    - PurchasesCoreSwift
    - PurchasesHybridCommon

EXTERNAL SOURCES:
  assets_audio_player:
    :path: ".symlinks/plugins/assets_audio_player/ios"
  assets_audio_player_web:
    :path: ".symlinks/plugins/assets_audio_player_web/ios"
  audioplayer:
    :path: ".symlinks/plugins/audioplayer/ios"
  firebase_analytics:
    :path: ".symlinks/plugins/firebase_analytics/ios"
  firebase_core:
    :path: ".symlinks/plugins/firebase_core/ios"
  Flutter:
    :path: Flutter
  flutter_audio_recorder:
    :path: ".symlinks/plugins/flutter_audio_recorder/ios"
  flutter_visualizers:
    :path: ".symlinks/plugins/flutter_visualizers/ios"
  path_provider:
    :path: ".symlinks/plugins/path_provider/ios"
  permission_handler:
    :path: ".symlinks/plugins/permission_handler/ios"
  purchases_flutter:
    :path: ".symlinks/plugins/purchases_flutter/ios"
  shared_preferences:
    :path: ".symlinks/plugins/shared_preferences/ios"
  url_launcher:
    :path: ".symlinks/plugins/url_launcher/ios"
  vibration:
    :path: ".symlinks/plugins/vibration/ios"

SPEC CHECKSUMS:
  assets_audio_player: edee322b9cb625571b830b35872ead1a295fd917
  assets_audio_player_web: 19826380c44375761aa0b9053665c1e3fbc3b86b
  audioplayer: 0584f31a697e4b0bbad405ae7903d7a93585e784
  Firebase: 8db6f2d1b2c5e2984efba4949a145875a8f65fe5
  firebase_analytics: 36a619088c46224900829f14f4daa71585693a6f
  firebase_core: 5d6a02f3d85acd5f8321c2d6d62877626a670659
  FirebaseAnalytics: 5dd088bd2e67bb9d13dbf792d1164ceaf3052193
  FirebaseCore: d889d9e12535b7f36ac8bfbf1713a0836a3012cd
  FirebaseCoreDiagnostics: 770ac5958e1372ce67959ae4b4f31d8e127c3ac1
  FirebaseInstallations: 466c7b4d1f58fe16707693091da253726a731ed2
  Flutter: 0e3d915762c693b495b44d77113d4970485de6ec
  flutter_audio_recorder: eb998d4e75e59b39d9e3ca1818a5e0f3a82f5836
  flutter_visualizers: 3060007b7bab3f435c5cefd2a5f7f77df960da5b
  GoogleAppMeasurement: 966e88df9d19c15715137bb2ddaf52373f111436
  GoogleDataTransport: f56af7caa4ed338dc8e138a5d7c5973e66440833
  GoogleUtilities: 7f2f5a07f888cdb145101d6042bc4422f57e70b3
  nanopb: 59317e09cf1f1a0af72f12af412d54edf52603fc
  path_provider: abfe2b5c733d04e238b0d8691db0cfd63a27a93c
  permission_handler: eac8e15b4a1a3fba55b761d19f3f4e6b005d15b6
  PromisesObjC: 8c196f5a328c2cba3e74624585467a557dcb482f
  Purchases: 7ebce9418bc16732c3c3bb4b6ff7e7e397de024e
  purchases_flutter: 63ee1ca7b56bc2b4a75bfe15e9ee230ed98987ab
  PurchasesCoreSwift: 50636e307c1ab76c7a7894a87d042665f2fe0be9
  PurchasesHybridCommon: b1dd1c5125ccf99b9e62b5974d0e5145895e8b87
  shared_preferences: af6bfa751691cdc24be3045c43ec037377ada40d
  url_launcher: 6fef411d543ceb26efce54b05a0a40bfd74cbbef
  vibration: b5a33e764c3f609a975b9dca73dce20fdde627dc

PODFILE CHECKSUM: a75497545d4391e2d394c3668e20cfb1c2bbd4aa

COCOAPODS: 1.10.0
